%{
  "ex_ray": {:hex, :ex_ray, "0.1.4", "672c70e97ce5ba9700d25ae5f292e337f6261196e8f22976e5ce86d9c0519f67", [:mix], [{:otter, "~> 0.4.0", [hex: :otter, repo: "hexpm", optional: false]}], "hexpm", "eab2f4656e4f682b4400735583a5801b1ecbcf2d63971afe58ec7a7cbc5ec94c"},
  "ibrowse": {:hex, :ibrowse, "4.4.0", "2d923325efe0d2cb09b9c6a047b2835a5eda69d8a47ed6ff8bc03628b764e991", [:rebar3], [], "hexpm", "6a8e5988872086f0506bef68311493551ac5beae7c06ba2a00d5e9f97a60f1c2"},
  "otter": {:hex, :otter, "0.4.0", "f12d1d5493104507a649d30962d76de5db0858cdb3f0de26e9712c8ef247719f", [:rebar3], [{:otter_lib, "~>0.1.1", [hex: :otter_lib, repo: "hexpm", optional: false]}], "hexpm", "7c9b65d019c0431c9d762e22e70bced04691fc75184f13a791fa7aef429e1aa0"},
  "otter_lib": {:hex, :otter_lib, "0.1.1", "9ef4401013c52f581278d7beb15ae536dc629cdac72dfeebac2384069f9461fd", [:rebar3], [], "hexpm", "b467b2d0be600bc374a6fea4dbf679b60727152b39b4659ac067fc895cb4d236"},
}
